
Microsoft Visual Studio Solution File, Format Version 12.00
# Visual Studio 2013
VisualStudioVersion = 12.0.31101.0
MinimumVisualStudioVersion = 10.0.40219.1
Project("{FAE04EC0-301F-11D3-BF4B-00C04F79EFBC}") = "Sinch.Verification", "Sinch.Verification\Sinch.Verification.csproj", "{F995D8B6-4B64-4B9A-8558-C04DD57F3A16}"
EndProject
Project("{FAE04EC0-301F-11D3-BF4B-00C04F79EFBC}") = "VerificationTest", "VerificationTest\VerificationTest.csproj", "{0019295E-7EFF-4274-B7CA-052134F993E2}"
EndProject
Global
	GlobalSection(SolutionConfigurationPlatforms) = preSolution
		Debug|Any CPU = Debug|Any CPU
		Release|Any CPU = Release|Any CPU
	EndGlobalSection
	GlobalSection(ProjectConfigurationPlatforms) = postSolution
		{F995D8B6-4B64-4B9A-8558-C04DD57F3A16}.Debug|Any CPU.ActiveCfg = Debug|Any CPU
		{F995D8B6-4B64-4B9A-8558-C04DD57F3A16}.Debug|Any CPU.Build.0 = Debug|Any CPU
		{F995D8B6-4B64-4B9A-8558-C04DD57F3A16}.Release|Any CPU.ActiveCfg = Release|Any CPU
		{F995D8B6-4B64-4B9A-8558-C04DD57F3A16}.Release|Any CPU.Build.0 = Release|Any CPU
		{0019295E-7EFF-4274-B7CA-052134F993E2}.Debug|Any CPU.ActiveCfg = Debug|Any CPU
		{0019295E-7EFF-4274-B7CA-052134F993E2}.Debug|Any CPU.Build.0 = Debug|Any CPU
		{0019295E-7EFF-4274-B7CA-052134F993E2}.Release|Any CPU.ActiveCfg = Release|Any CPU
		{0019295E-7EFF-4274-B7CA-052134F993E2}.Release|Any CPU.Build.0 = Release|Any CPU
	EndGlobalSection
	GlobalSection(SolutionProperties) = preSolution
		HideSolutionNode = FALSE
	EndGlobalSection
EndGlobal
